
Microsoft Visual Studio Solution File, Format Version 12.00
# Visual Studio Version 16
VisualStudioVersion = 16.0.33328.57
MinimumVisualStudioVersion = 10.0.40219.1
Project("{FAE04EC0-301F-11D3-BF4B-00C04F79EFBC}") = "pwCryptoLibrary", "pwCryptoLibrary\pwCryptoLibrary.csproj", "{5A695885-1AEE-4B0A-8CB3-46D0EEA7E514}"
EndProject
Project("{FAE04EC0-301F-11D3-BF4B-00C04F79EFBC}") = "Cryptor", "Cryptor\Cryptor.csproj", "{428C9A38-CED1-4203-8FB6-28CE2BA10117}"
EndProject
Project("{FAE04EC0-301F-11D3-BF4B-00C04F79EFBC}") = "ConsoleApp1", "ConsoleApp1\ConsoleApp1.csproj", "{C299EFF7-F035-4EB1-B72F-AE3ED539BA52}"
EndProject
Global
	GlobalSection(SolutionConfigurationPlatforms) = preSolution
		Debug|Any CPU = Debug|Any CPU
		Release|Any CPU = Release|Any CPU
	EndGlobalSection
	GlobalSection(ProjectConfigurationPlatforms) = postSolution
		{5A695885-1AEE-4B0A-8CB3-46D0EEA7E514}.Debug|Any CPU.ActiveCfg = Debug|Any CPU
		{5A695885-1AEE-4B0A-8CB3-46D0EEA7E514}.Debug|Any CPU.Build.0 = Debug|Any CPU
		{5A695885-1AEE-4B0A-8CB3-46D0EEA7E514}.Release|Any CPU.ActiveCfg = Release|Any CPU
		{5A695885-1AEE-4B0A-8CB3-46D0EEA7E514}.Release|Any CPU.Build.0 = Release|Any CPU
		{428C9A38-CED1-4203-8FB6-28CE2BA10117}.Debug|Any CPU.ActiveCfg = Debug|Any CPU
		{428C9A38-CED1-4203-8FB6-28CE2BA10117}.Debug|Any CPU.Build.0 = Debug|Any CPU
		{428C9A38-CED1-4203-8FB6-28CE2BA10117}.Release|Any CPU.ActiveCfg = Release|Any CPU
		{428C9A38-CED1-4203-8FB6-28CE2BA10117}.Release|Any CPU.Build.0 = Release|Any CPU
		{C299EFF7-F035-4EB1-B72F-AE3ED539BA52}.Debug|Any CPU.ActiveCfg = Debug|Any CPU
		{C299EFF7-F035-4EB1-B72F-AE3ED539BA52}.Debug|Any CPU.Build.0 = Debug|Any CPU
		{C299EFF7-F035-4EB1-B72F-AE3ED539BA52}.Release|Any CPU.ActiveCfg = Release|Any CPU
		{C299EFF7-F035-4EB1-B72F-AE3ED539BA52}.Release|Any CPU.Build.0 = Release|Any CPU
	EndGlobalSection
	GlobalSection(SolutionProperties) = preSolution
		HideSolutionNode = FALSE
	EndGlobalSection
	GlobalSection(ExtensibilityGlobals) = postSolution
		SolutionGuid = {6D0AA969-A1D3-45D2-9587-DFDA3D4FCDF3}
	EndGlobalSection
EndGlobal
